{
  "name": "spelljack",
  "version": "1.0.0",
  "lockfileVersion": 2,
  "requires": true,
  "packages": {
    "": {
      "name": "spelljack",
      "version": "1.0.0",
      "license": "ISC",
      "dependencies": {
        "vanilla-jsoneditor": "^0.7.5"
      }
    },
    "node_modules/vanilla-jsoneditor": {
      "version": "0.7.5",
      "resolved": "https://registry.npmjs.org/vanilla-jsoneditor/-/vanilla-jsoneditor-0.7.5.tgz",
      "integrity": "sha512-15WEA//oMRPKCfmKK/TDBZVrjlywElxhiZEJf3W1wLU2XjrlvG/GEbhreNAbhjkoH6oO5uDvzcNatj2WZkxy3g=="
    }
  },
  "dependencies": {
    "vanilla-jsoneditor": {
      "version": "0.7.5",
      "resolved": "https://registry.npmjs.org/vanilla-jsoneditor/-/vanilla-jsoneditor-0.7.5.tgz",
      "integrity": "sha512-15WEA//oMRPKCfmKK/TDBZVrjlywElxhiZEJf3W1wLU2XjrlvG/GEbhreNAbhjkoH6oO5uDvzcNatj2WZkxy3g=="
    }
  }
}
